
Microsoft Visual Studio Solution File, Format Version 12.00
# Visual Studio Version 17
VisualStudioVersion = 17.0.31903.59
MinimumVisualStudioVersion = 10.0.40219.1
Project("{FAE04EC0-301F-11D3-BF4B-00C04F79EFBC}") = "TCPConsoleApp", "TCPConsoleApp\TCPConsoleApp.csproj", "{A5121625-BB04-4311-8D87-20E3FA08FF0A}"
EndProject
Project("{FAE04EC0-301F-11D3-BF4B-00C04F79EFBC}") = "TCPClientApp", "TCPClientApp\TCPClientApp.csproj", "{A6FBF7FD-764C-4618-BD62-EDBD4BA24675}"
EndProject
Global
	GlobalSection(SolutionConfigurationPlatforms) = preSolution
		Debug|Any CPU = Debug|Any CPU
		Release|Any CPU = Release|Any CPU
	EndGlobalSection
	GlobalSection(SolutionProperties) = preSolution
		HideSolutionNode = FALSE
	EndGlobalSection
	GlobalSection(ProjectConfigurationPlatforms) = postSolution
		{A5121625-BB04-4311-8D87-20E3FA08FF0A}.Debug|Any CPU.ActiveCfg = Debug|Any CPU
		{A5121625-BB04-4311-8D87-20E3FA08FF0A}.Debug|Any CPU.Build.0 = Debug|Any CPU
		{A5121625-BB04-4311-8D87-20E3FA08FF0A}.Release|Any CPU.ActiveCfg = Release|Any CPU
		{A5121625-BB04-4311-8D87-20E3FA08FF0A}.Release|Any CPU.Build.0 = Release|Any CPU
		{A6FBF7FD-764C-4618-BD62-EDBD4BA24675}.Debug|Any CPU.ActiveCfg = Debug|Any CPU
		{A6FBF7FD-764C-4618-BD62-EDBD4BA24675}.Debug|Any CPU.Build.0 = Debug|Any CPU
		{A6FBF7FD-764C-4618-BD62-EDBD4BA24675}.Release|Any CPU.ActiveCfg = Release|Any CPU
		{A6FBF7FD-764C-4618-BD62-EDBD4BA24675}.Release|Any CPU.Build.0 = Release|Any CPU
	EndGlobalSection
EndGlobal
